{
  "name": "Strategizeit Web Map",
  "lockfileVersion": 3,
  "requires": true,
  "packages": {
    "": {
      "dependencies": {
        "dojox": "^1.17.3"
      }
    },
    "node_modules/dijit": {
      "version": "1.17.3",
      "resolved": "https://registry.npmjs.org/dijit/-/dijit-1.17.3.tgz",
      "integrity": "sha512-QS+1bNhPT+BF9E+iomQSi5qI+o3oUNSx1r5TF8WlGH4LybGZP+IIGJBOO5/41YduBPljVXhY7vaPsgrycxC6UQ==",
      "dependencies": {
        "dojo": "1.17.3"
      }
    },
    "node_modules/dojo": {
      "version": "1.17.3",
      "resolved": "https://registry.npmjs.org/dojo/-/dojo-1.17.3.tgz",
      "integrity": "sha512-iWDx1oSfCEDnIrs8cMW7Zh9Fbjgxu8iRagFz+Qi2eya3MXIAxFXKhv2A7dpi+bfpMpFozLwcsLV8URLw6BsHsA=="
    },
    "node_modules/dojox": {
      "version": "1.17.3",
      "resolved": "https://registry.npmjs.org/dojox/-/dojox-1.17.3.tgz",
      "integrity": "sha512-n2SvGoVTZlOQUQmoqEfW6oGAfmyBtjl4DzWkxoojdTxBq8O0r7pDKBrW3nRrpQW9uZFHfB1XIA3BXS0cnrue/Q==",
      "dependencies": {
        "dijit": "1.17.3",
        "dojo": "1.17.3"
      }
    }
  }
}
